
Microsoft Visual Studio Solution File, Format Version 12.00
# Visual Studio Version 16
VisualStudioVersion = 16.0.31205.134
MinimumVisualStudioVersion = 10.0.40219.1
Project("{9A19103F-16F7-4668-BE54-9A1E7A4F7556}") = "BancoApi", "BancoApi\BancoApi.csproj", "{344D57F4-7F9E-4C6B-9285-7FD16715D2D2}"
EndProject
Project("{9A19103F-16F7-4668-BE54-9A1E7A4F7556}") = "Dominio", "Dominio\Dominio.csproj", "{253D2B86-2A18-447E-A0BC-EBA6205CF138}"
EndProject
Project("{FAE04EC0-301F-11D3-BF4B-00C04F79EFBC}") = "Repositorios", "Repositorios\Repositorios.csproj", "{7A79791A-2F2C-498B-999E-C2AE99B8012C}"
EndProject
Global
	GlobalSection(SolutionConfigurationPlatforms) = preSolution
		Debug|Any CPU = Debug|Any CPU
		Release|Any CPU = Release|Any CPU
	EndGlobalSection
	GlobalSection(ProjectConfigurationPlatforms) = postSolution
		{344D57F4-7F9E-4C6B-9285-7FD16715D2D2}.Debug|Any CPU.ActiveCfg = Debug|Any CPU
		{344D57F4-7F9E-4C6B-9285-7FD16715D2D2}.Debug|Any CPU.Build.0 = Debug|Any CPU
		{344D57F4-7F9E-4C6B-9285-7FD16715D2D2}.Release|Any CPU.ActiveCfg = Release|Any CPU
		{344D57F4-7F9E-4C6B-9285-7FD16715D2D2}.Release|Any CPU.Build.0 = Release|Any CPU
		{253D2B86-2A18-447E-A0BC-EBA6205CF138}.Debug|Any CPU.ActiveCfg = Debug|Any CPU
		{253D2B86-2A18-447E-A0BC-EBA6205CF138}.Debug|Any CPU.Build.0 = Debug|Any CPU
		{253D2B86-2A18-447E-A0BC-EBA6205CF138}.Release|Any CPU.ActiveCfg = Release|Any CPU
		{253D2B86-2A18-447E-A0BC-EBA6205CF138}.Release|Any CPU.Build.0 = Release|Any CPU
		{7A79791A-2F2C-498B-999E-C2AE99B8012C}.Debug|Any CPU.ActiveCfg = Debug|Any CPU
		{7A79791A-2F2C-498B-999E-C2AE99B8012C}.Debug|Any CPU.Build.0 = Debug|Any CPU
		{7A79791A-2F2C-498B-999E-C2AE99B8012C}.Release|Any CPU.ActiveCfg = Release|Any CPU
		{7A79791A-2F2C-498B-999E-C2AE99B8012C}.Release|Any CPU.Build.0 = Release|Any CPU
	EndGlobalSection
	GlobalSection(SolutionProperties) = preSolution
		HideSolutionNode = FALSE
	EndGlobalSection
	GlobalSection(ExtensibilityGlobals) = postSolution
		SolutionGuid = {AE3126ED-ADE3-455E-AE74-EF1C1D44FD69}
	EndGlobalSection
EndGlobal
